
Microsoft Visual Studio Solution File, Format Version 12.00
# Visual Studio Version 17
VisualStudioVersion = 17.9.34723.18
MinimumVisualStudioVersion = 10.0.40219.1
Project("{9A19103F-16F7-4668-BE54-9A1E7A4F7556}") = "TestVadarod", "TestVadarod\TestVadarod.csproj", "{0E51B1D0-971F-4B39-A823-024679E1DFE1}"
EndProject
Project("{FAE04EC0-301F-11D3-BF4B-00C04F79EFBC}") = "TestVadarod.Tests", "TestVadarod.Tests\TestVadarod.Tests.csproj", "{760AD0AF-CB52-49C8-AF8B-6EDE45AECA6E}"
EndProject
Global
	GlobalSection(SolutionConfigurationPlatforms) = preSolution
		Debug|Any CPU = Debug|Any CPU
		Release|Any CPU = Release|Any CPU
	EndGlobalSection
	GlobalSection(ProjectConfigurationPlatforms) = postSolution
		{0E51B1D0-971F-4B39-A823-024679E1DFE1}.Debug|Any CPU.ActiveCfg = Debug|Any CPU
		{0E51B1D0-971F-4B39-A823-024679E1DFE1}.Debug|Any CPU.Build.0 = Debug|Any CPU
		{0E51B1D0-971F-4B39-A823-024679E1DFE1}.Release|Any CPU.ActiveCfg = Release|Any CPU
		{0E51B1D0-971F-4B39-A823-024679E1DFE1}.Release|Any CPU.Build.0 = Release|Any CPU
		{760AD0AF-CB52-49C8-AF8B-6EDE45AECA6E}.Debug|Any CPU.ActiveCfg = Debug|Any CPU
		{760AD0AF-CB52-49C8-AF8B-6EDE45AECA6E}.Debug|Any CPU.Build.0 = Debug|Any CPU
		{760AD0AF-CB52-49C8-AF8B-6EDE45AECA6E}.Release|Any CPU.ActiveCfg = Release|Any CPU
		{760AD0AF-CB52-49C8-AF8B-6EDE45AECA6E}.Release|Any CPU.Build.0 = Release|Any CPU
	EndGlobalSection
	GlobalSection(SolutionProperties) = preSolution
		HideSolutionNode = FALSE
	EndGlobalSection
	GlobalSection(ExtensibilityGlobals) = postSolution
		SolutionGuid = {7CE47D01-35AA-42B7-9D81-EB75D8D0DCF2}
	EndGlobalSection
EndGlobal
